
Microsoft Visual Studio Solution File, Format Version 12.00
# Visual Studio 2013
VisualStudioVersion = 12.0.21005.1
MinimumVisualStudioVersion = 10.0.40219.1
Project("{FAE04EC0-301F-11D3-BF4B-00C04F79EFBC}") = "WMarket", "WMarket\WMarket.csproj", "{761FC62C-9924-42C7-9E2A-5C51AD2A7223}"
EndProject
Project("{FAE04EC0-301F-11D3-BF4B-00C04F79EFBC}") = "WMarket.Tests", "WMarket.Tests\WMarket.Tests.csproj", "{4975997B-8190-4765-BB9F-59A65E79EA16}"
EndProject
Global
	GlobalSection(SolutionConfigurationPlatforms) = preSolution
		Debug|Any CPU = Debug|Any CPU
		Release|Any CPU = Release|Any CPU
	EndGlobalSection
	GlobalSection(ProjectConfigurationPlatforms) = postSolution
		{761FC62C-9924-42C7-9E2A-5C51AD2A7223}.Debug|Any CPU.ActiveCfg = Debug|Any CPU
		{761FC62C-9924-42C7-9E2A-5C51AD2A7223}.Debug|Any CPU.Build.0 = Debug|Any CPU
		{761FC62C-9924-42C7-9E2A-5C51AD2A7223}.Release|Any CPU.ActiveCfg = Release|Any CPU
		{761FC62C-9924-42C7-9E2A-5C51AD2A7223}.Release|Any CPU.Build.0 = Release|Any CPU
		{4975997B-8190-4765-BB9F-59A65E79EA16}.Debug|Any CPU.ActiveCfg = Debug|Any CPU
		{4975997B-8190-4765-BB9F-59A65E79EA16}.Debug|Any CPU.Build.0 = Debug|Any CPU
		{4975997B-8190-4765-BB9F-59A65E79EA16}.Release|Any CPU.ActiveCfg = Release|Any CPU
		{4975997B-8190-4765-BB9F-59A65E79EA16}.Release|Any CPU.Build.0 = Release|Any CPU
	EndGlobalSection
	GlobalSection(SolutionProperties) = preSolution
		HideSolutionNode = FALSE
	EndGlobalSection
EndGlobal
